<?xml version="1.0" encoding="utf-8"?>
<Project ToolsVersion="4.0" xmlns="http://schemas.microsoft.com/developer/msbuild/2003">
  <ItemGroup>
    <Filter Include="Source Files">
      <UniqueIdentifier>{4FC737F1-C7A5-4376-A066-2A32D752A2FF}</UniqueIdentifier>
      <Extensions>cpp;c;cc;cxx;def;odl;idl;hpj;bat;asm;asmx</Extensions>
    </Filter>
    <Filter Include="Header Files">
      <UniqueIdentifier>{93995380-89BD-4b04-88EB-625FBE52EBFB}</UniqueIdentifier>
      <Extensions>h;hh;hpp;hxx;hm;inl;inc;xsd</Extensions>
    </Filter>
    <Filter Include="Resource Files">
      <UniqueIdentifier>{67DA6AB6-F800-4c08-8B7A-83BB121AAD01}</UniqueIdentifier>
      <Extensions>rc;ico;cur;bmp;dlg;rc2;rct;bin;rgs;gif;jpg;jpeg;jpe;resx;tiff;tif;png;wav;mfcribbon-ms</Extensions>
    </Filter>
    <Filter Include="Header Files\osa">
      <UniqueIdentifier>{50154fde-9b60-48d2-ad19-2c9984158480}</UniqueIdentifier>
    </Filter>
  </ItemGroup>
  <ItemGroup>
    <ClCompile Include="src\osa.c">
      <Filter>Source Files</Filter>
    </ClCompile>
    <ClCompile Include="src\osa_datetime.c">
      <Filter>Source Files</Filter>
    </ClCompile>
    <ClCompile Include="src\osa_string.c">
      <Filter>Source Files</Filter>
    </ClCompile>
    <ClCompile Include="src\log\osa_log.c">
      <Filter>Source Files</Filter>
    </ClCompile>
    <ClCompile Include="tests\main.c">
      <Filter>Source Files</Filter>
    </ClCompile>
    <ClCompile Include="tests\osa_datetime_test.c">
      <Filter>Source Files</Filter>
    </ClCompile>
    <ClCompile Include="tests\osa_log_test.c">
      <Filter>Source Files</Filter>
    </ClCompile>
    <ClCompile Include="tests\osa_primary_types_test.c">
      <Filter>Source Files</Filter>
    </ClCompile>
    <ClCompile Include="tests\osa_string_test.c">
      <Filter>Source Files</Filter>
    </ClCompile>
  </ItemGroup>
  <ItemGroup>
    <ClInclude Include="include\osa.h">
      <Filter>Header Files\osa</Filter>
    </ClInclude>
    <ClInclude Include="include\osa_datetime.h">
      <Filter>Header Files\osa</Filter>
    </ClInclude>
    <ClInclude Include="include\osa_definitions.h">
      <Filter>Header Files\osa</Filter>
    </ClInclude>
    <ClInclude Include="include\osa_list.h">
      <Filter>Header Files\osa</Filter>
    </ClInclude>
    <ClInclude Include="include\osa_log.h">
      <Filter>Header Files\osa</Filter>
    </ClInclude>
    <ClInclude Include="include\osa_macro.h">
      <Filter>Header Files\osa</Filter>
    </ClInclude>
    <ClInclude Include="include\osa_misc.h">
      <Filter>Header Files\osa</Filter>
    </ClInclude>
    <ClInclude Include="include\osa_platforms.h">
      <Filter>Header Files\osa</Filter>
    </ClInclude>
    <ClInclude Include="include\osa_primary_types.h">
      <Filter>Header Files\osa</Filter>
    </ClInclude>
    <ClInclude Include="include\osa_status.h">
      <Filter>Header Files\osa</Filter>
    </ClInclude>
    <ClInclude Include="include\osa_string.h">
      <Filter>Header Files\osa</Filter>
    </ClInclude>
    <ClInclude Include="include\osa_types.h">
      <Filter>Header Files\osa</Filter>
    </ClInclude>
    <ClInclude Include="tests\osa_tests.h">
      <Filter>Header Files</Filter>
    </ClInclude>
    <ClInclude Include="include\osa\osa.h">
      <Filter>Header Files</Filter>
    </ClInclude>
    <ClInclude Include="include\osa\osa_datetime.h">
      <Filter>Header Files</Filter>
    </ClInclude>
    <ClInclude Include="include\osa\osa_definitions.h">
      <Filter>Header Files</Filter>
    </ClInclude>
    <ClInclude Include="include\osa\osa_list.h">
      <Filter>Header Files</Filter>
    </ClInclude>
    <ClInclude Include="include\osa\osa_log.h">
      <Filter>Header Files</Filter>
    </ClInclude>
    <ClInclude Include="include\osa\osa_macro.h">
      <Filter>Header Files</Filter>
    </ClInclude>
    <ClInclude Include="include\osa\osa_misc.h">
      <Filter>Header Files</Filter>
    </ClInclude>
    <ClInclude Include="include\osa\osa_platforms.h">
      <Filter>Header Files</Filter>
    </ClInclude>
    <ClInclude Include="include\osa\osa_primary_types.h">
      <Filter>Header Files</Filter>
    </ClInclude>
    <ClInclude Include="include\osa\osa_status.h">
      <Filter>Header Files</Filter>
    </ClInclude>
    <ClInclude Include="include\osa\osa_string.h">
      <Filter>Header Files</Filter>
    </ClInclude>
    <ClInclude Include="include\osa\osa_types.h">
      <Filter>Header Files</Filter>
    </ClInclude>
    <ClInclude Include="include\osa\osa_fs.h">
      <Filter>Header Files</Filter>
    </ClInclude>
  </ItemGroup>
</Project>